// !$*UTF8*$!
{
	archiveVersion = 1;
	classes = {
	};
	objectVersion = 56;
	objects = {

/* Begin PBXBuildFile section */
		520405432C82ECD9009B56FE /* MarvelMovieApp.swift in Sources */ = {isa = PBXBuildFile; fileRef = 520405422C82ECD9009B56FE /* MarvelMovieApp.swift */; };
		520405452C82ECD9009B56FE /* ContentView.swift in Sources */ = {isa = PBXBuildFile; fileRef = 520405442C82ECD9009B56FE /* ContentView.swift */; };
		520405472C82ECDA009B56FE /* Assets.xcassets in Resources */ = {isa = PBXBuildFile; fileRef = 520405462C82ECDA009B56FE /* Assets.xcassets */; };
		5204054A2C82ECDA009B56FE /* Preview Assets.xcassets in Resources */ = {isa = PBXBuildFile; fileRef = 520405492C82ECDA009B56FE /* Preview Assets.xcassets */; };
		520405542C82ECDA009B56FE /* MarvelMovieTests.swift in Sources */ = {isa = PBXBuildFile; fileRef = 520405532C82ECDA009B56FE /* MarvelMovieTests.swift */; };
		5204055E2C82ECDA009B56FE /* MarvelMovieUITests.swift in Sources */ = {isa = PBXBuildFile; fileRef = 5204055D2C82ECDA009B56FE /* MarvelMovieUITests.swift */; };
		520405602C82ECDA009B56FE /* MarvelMovieUITestsLaunchTests.swift in Sources */ = {isa = PBXBuildFile; fileRef = 5204055F2C82ECDA009B56FE /* MarvelMovieUITestsLaunchTests.swift */; };
		520405702C832D4A009B56FE /* SplashScreen.swift in Sources */ = {isa = PBXBuildFile; fileRef = 5204056F2C832D4A009B56FE /* SplashScreen.swift */; };
		5250ECC42C846D9900E8BD9E /* AllTvSeriesService.swift in Sources */ = {isa = PBXBuildFile; fileRef = 5250ECC32C846D9900E8BD9E /* AllTvSeriesService.swift */; };
		5250ECC62C8470EA00E8BD9E /* FilmCardDataModel.swift in Sources */ = {isa = PBXBuildFile; fileRef = 5250ECC52C8470EA00E8BD9E /* FilmCardDataModel.swift */; };
		5250ECCE2C84AD3E00E8BD9E /* ProfileModel.swift in Sources */ = {isa = PBXBuildFile; fileRef = 5250ECCD2C84AD3E00E8BD9E /* ProfileModel.swift */; };
		5250ECD02C84AFC900E8BD9E /* GetuserdetailsService.swift in Sources */ = {isa = PBXBuildFile; fileRef = 5250ECCF2C84AFC900E8BD9E /* GetuserdetailsService.swift */; };
		5250ECD22C84B1C300E8BD9E /* ProfileViewModel.swift in Sources */ = {isa = PBXBuildFile; fileRef = 5250ECD12C84B1C300E8BD9E /* ProfileViewModel.swift */; };
		5250ECD42C84B8BA00E8BD9E /* ProfileSection.swift in Sources */ = {isa = PBXBuildFile; fileRef = 5250ECD32C84B8BA00E8BD9E /* ProfileSection.swift */; };
		52536A7B2C8C0594005DABBB /* Montserrat-Regular.ttf in Resources */ = {isa = PBXBuildFile; fileRef = 52536A7A2C8C0594005DABBB /* Montserrat-Regular.ttf */; };
		52536A7D2C8C059B005DABBB /* Montserrat-Bold.ttf in Resources */ = {isa = PBXBuildFile; fileRef = 52536A7C2C8C059B005DABBB /* Montserrat-Bold.ttf */; };
		5253C3822C8B2E830062181F /* SingleMovieModel.swift in Sources */ = {isa = PBXBuildFile; fileRef = 5253C3812C8B2E830062181F /* SingleMovieModel.swift */; };
		5253C3842C8B2FC00062181F /* SingleMovieViewModel.swift in Sources */ = {isa = PBXBuildFile; fileRef = 5253C3832C8B2FC00062181F /* SingleMovieViewModel.swift */; };
		5253C3872C8B40CA0062181F /* StringExtension.swift in Sources */ = {isa = PBXBuildFile; fileRef = 5253C3862C8B40CA0062181F /* StringExtension.swift */; };
		5253C3892C8B598E0062181F /* CompnayDetailsView.swift in Sources */ = {isa = PBXBuildFile; fileRef = 5253C3882C8B598E0062181F /* CompnayDetailsView.swift */; };
		5253C38C2C8B66600062181F /* BackButtonView.swift in Sources */ = {isa = PBXBuildFile; fileRef = 5253C38B2C8B66600062181F /* BackButtonView.swift */; };
		5268C6DB2C84C6750043BE29 /* MovieGenreModel.swift in Sources */ = {isa = PBXBuildFile; fileRef = 5268C6DA2C84C6750043BE29 /* MovieGenreModel.swift */; };
		5268C6DD2C84C6A00043BE29 /* MovieGenreService.swift in Sources */ = {isa = PBXBuildFile; fileRef = 5268C6DC2C84C6A00043BE29 /* MovieGenreService.swift */; };
		5268C6DF2C84C9830043BE29 /* MovieGenreView.swift in Sources */ = {isa = PBXBuildFile; fileRef = 5268C6DE2C84C9830043BE29 /* MovieGenreView.swift */; };
		5268C6E12C84CB100043BE29 /* MovieGenreViewModel.swift in Sources */ = {isa = PBXBuildFile; fileRef = 5268C6E02C84CB100043BE29 /* MovieGenreViewModel.swift */; };
		52C6B92E2C8367B70081CE63 /* MovieDashboardView.swift in Sources */ = {isa = PBXBuildFile; fileRef = 52C6B92D2C8367B70081CE63 /* MovieDashboardView.swift */; };
		52C6B9312C836BDA0081CE63 /* FilmCardView.swift in Sources */ = {isa = PBXBuildFile; fileRef = 52C6B9302C836BDA0081CE63 /* FilmCardView.swift */; };
		52C6B9342C836E5B0081CE63 /* Kingfisher in Frameworks */ = {isa = PBXBuildFile; productRef = 52C6B9332C836E5B0081CE63 /* Kingfisher */; };
		52C6B9382C837B190081CE63 /* MovieModel.swift in Sources */ = {isa = PBXBuildFile; fileRef = 52C6B9372C837B190081CE63 /* MovieModel.swift */; };
		52C6B93A2C837B7B0081CE63 /* NetworkManager.swift in Sources */ = {isa = PBXBuildFile; fileRef = 52C6B9392C837B7B0081CE63 /* NetworkManager.swift */; };
		52C6B93D2C837D190081CE63 /* ApiProtocol.swift in Sources */ = {isa = PBXBuildFile; fileRef = 52C6B93C2C837D190081CE63 /* ApiProtocol.swift */; };
		52C6B9402C8389D90081CE63 /* DashboardViewModel.swift in Sources */ = {isa = PBXBuildFile; fileRef = 52C6B93F2C8389D90081CE63 /* DashboardViewModel.swift */; };
		52C6B9432C838B8F0081CE63 /* AllFilmService.swift in Sources */ = {isa = PBXBuildFile; fileRef = 52C6B9422C838B8F0081CE63 /* AllFilmService.swift */; };
		52C6B9452C838CFA0081CE63 /* HandleProtocol.swift in Sources */ = {isa = PBXBuildFile; fileRef = 52C6B9442C838CFA0081CE63 /* HandleProtocol.swift */; };
		52C6B9492C84651D0081CE63 /* PlaceHolderData.swift in Sources */ = {isa = PBXBuildFile; fileRef = 52C6B9482C84651D0081CE63 /* PlaceHolderData.swift */; };
		52C6B94B2C846B940081CE63 /* AllTvSeriesModel.swift in Sources */ = {isa = PBXBuildFile; fileRef = 52C6B94A2C846B940081CE63 /* AllTvSeriesModel.swift */; };
		846ABB912C88D85800971C63 /* GetSingleMovieService.swift in Sources */ = {isa = PBXBuildFile; fileRef = 846ABB902C88D85800971C63 /* GetSingleMovieService.swift */; };
		8490B31D2C8B70C90049467E /* SinglePopularMovieViewModel.swift in Sources */ = {isa = PBXBuildFile; fileRef = 8490B31C2C8B70C90049467E /* SinglePopularMovieViewModel.swift */; };
		84A9B8652C8A2DCE001FEAD6 /* SingleMovieView.swift in Sources */ = {isa = PBXBuildFile; fileRef = 84A9B8642C8A2DCE001FEAD6 /* SingleMovieView.swift */; };
		84BB53E72C8B73CC00A6242F /* PopularMovieView.swift in Sources */ = {isa = PBXBuildFile; fileRef = 84BB53E62C8B73CC00A6242F /* PopularMovieView.swift */; };
/* End PBXBuildFile section */

/* Begin PBXContainerItemProxy section */
		520405502C82ECDA009B56FE /* PBXContainerItemProxy */ = {
			isa = PBXContainerItemProxy;
			containerPortal = 520405372C82ECD9009B56FE /* Project object */;
			proxyType = 1;
			remoteGlobalIDString = 5204053E2C82ECD9009B56FE;
			remoteInfo = MarvelMovie;
		};
		5204055A2C82ECDA009B56FE /* PBXContainerItemProxy */ = {
			isa = PBXContainerItemProxy;
			containerPortal = 520405372C82ECD9009B56FE /* Project object */;
			proxyType = 1;
			remoteGlobalIDString = 5204053E2C82ECD9009B56FE;
			remoteInfo = MarvelMovie;
		};
/* End PBXContainerItemProxy section */

/* Begin PBXFileReference section */
		5204053F2C82ECD9009B56FE /* MarvelMovie.app */ = {isa = PBXFileReference; explicitFileType = wrapper.application; includeInIndex = 0; path = MarvelMovie.app; sourceTree = BUILT_PRODUCTS_DIR; };
		520405422C82ECD9009B56FE /* MarvelMovieApp.swift */ = {isa = PBXFileReference; lastKnownFileType = sourcecode.swift; path = MarvelMovieApp.swift; sourceTree = "<group>"; };
		520405442C82ECD9009B56FE /* ContentView.swift */ = {isa = PBXFileReference; lastKnownFileType = sourcecode.swift; path = ContentView.swift; sourceTree = "<group>"; };
		520405462C82ECDA009B56FE /* Assets.xcassets */ = {isa = PBXFileReference; lastKnownFileType = folder.assetcatalog; path = Assets.xcassets; sourceTree = "<group>"; };
		520405492C82ECDA009B56FE /* Preview Assets.xcassets */ = {isa = PBXFileReference; lastKnownFileType = folder.assetcatalog; path = "Preview Assets.xcassets"; sourceTree = "<group>"; };
		5204054F2C82ECDA009B56FE /* MarvelMovieTests.xctest */ = {isa = PBXFileReference; explicitFileType = wrapper.cfbundle; includeInIndex = 0; path = MarvelMovieTests.xctest; sourceTree = BUILT_PRODUCTS_DIR; };
		520405532C82ECDA009B56FE /* MarvelMovieTests.swift */ = {isa = PBXFileReference; lastKnownFileType = sourcecode.swift; path = MarvelMovieTests.swift; sourceTree = "<group>"; };
		520405592C82ECDA009B56FE /* MarvelMovieUITests.xctest */ = {isa = PBXFileReference; explicitFileType = wrapper.cfbundle; includeInIndex = 0; path = MarvelMovieUITests.xctest; sourceTree = BUILT_PRODUCTS_DIR; };
		5204055D2C82ECDA009B56FE /* MarvelMovieUITests.swift */ = {isa = PBXFileReference; lastKnownFileType = sourcecode.swift; path = MarvelMovieUITests.swift; sourceTree = "<group>"; };
		5204055F2C82ECDA009B56FE /* MarvelMovieUITestsLaunchTests.swift */ = {isa = PBXFileReference; lastKnownFileType = sourcecode.swift; path = MarvelMovieUITestsLaunchTests.swift; sourceTree = "<group>"; };
		5204056F2C832D4A009B56FE /* SplashScreen.swift */ = {isa = PBXFileReference; lastKnownFileType = sourcecode.swift; path = SplashScreen.swift; sourceTree = "<group>"; };
		5250ECC32C846D9900E8BD9E /* AllTvSeriesService.swift */ = {isa = PBXFileReference; lastKnownFileType = sourcecode.swift; path = AllTvSeriesService.swift; sourceTree = "<group>"; };
		5250ECC52C8470EA00E8BD9E /* FilmCardDataModel.swift */ = {isa = PBXFileReference; lastKnownFileType = sourcecode.swift; path = FilmCardDataModel.swift; sourceTree = "<group>"; };
		5250ECCD2C84AD3E00E8BD9E /* ProfileModel.swift */ = {isa = PBXFileReference; lastKnownFileType = sourcecode.swift; path = ProfileModel.swift; sourceTree = "<group>"; };
		5250ECCF2C84AFC900E8BD9E /* GetuserdetailsService.swift */ = {isa = PBXFileReference; lastKnownFileType = sourcecode.swift; path = GetuserdetailsService.swift; sourceTree = "<group>"; };
		5250ECD12C84B1C300E8BD9E /* ProfileViewModel.swift */ = {isa = PBXFileReference; lastKnownFileType = sourcecode.swift; path = ProfileViewModel.swift; sourceTree = "<group>"; };
		5250ECD32C84B8BA00E8BD9E /* ProfileSection.swift */ = {isa = PBXFileReference; lastKnownFileType = sourcecode.swift; path = ProfileSection.swift; sourceTree = "<group>"; };
		52536A7A2C8C0594005DABBB /* Montserrat-Regular.ttf */ = {isa = PBXFileReference; lastKnownFileType = file; name = "Montserrat-Regular.ttf"; path = "../../../../../Downloads/montserrat/Montserrat-Regular.ttf"; sourceTree = "<group>"; };
		52536A7C2C8C059B005DABBB /* Montserrat-Bold.ttf */ = {isa = PBXFileReference; lastKnownFileType = file; name = "Montserrat-Bold.ttf"; path = "../../../../../Downloads/montserrat/Montserrat-Bold.ttf"; sourceTree = "<group>"; };
		5253C3812C8B2E830062181F /* SingleMovieModel.swift */ = {isa = PBXFileReference; lastKnownFileType = sourcecode.swift; name = SingleMovieModel.swift; path = MarvelMovie/Core/MovieGenre/ViewModel/SingleMovieModel.swift; sourceTree = SOURCE_ROOT; };
		5253C3832C8B2FC00062181F /* SingleMovieViewModel.swift */ = {isa = PBXFileReference; lastKnownFileType = sourcecode.swift; name = SingleMovieViewModel.swift; path = MarvelMovie/Core/MovieGenre/ViewModel/SingleMovieViewModel.swift; sourceTree = SOURCE_ROOT; };
		5253C3862C8B40CA0062181F /* StringExtension.swift */ = {isa = PBXFileReference; lastKnownFileType = sourcecode.swift; path = StringExtension.swift; sourceTree = "<group>"; };
		5253C3882C8B598E0062181F /* CompnayDetailsView.swift */ = {isa = PBXFileReference; lastKnownFileType = sourcecode.swift; path = CompnayDetailsView.swift; sourceTree = "<group>"; };
		5253C38B2C8B66600062181F /* BackButtonView.swift */ = {isa = PBXFileReference; lastKnownFileType = sourcecode.swift; path = BackButtonView.swift; sourceTree = "<group>"; };
		526156C82C8C066600C90390 /* Info.plist */ = {isa = PBXFileReference; lastKnownFileType = text.plist; path = Info.plist; sourceTree = "<group>"; };
		5268C6DA2C84C6750043BE29 /* MovieGenreModel.swift */ = {isa = PBXFileReference; lastKnownFileType = sourcecode.swift; path = MovieGenreModel.swift; sourceTree = "<group>"; };
		5268C6DC2C84C6A00043BE29 /* MovieGenreService.swift */ = {isa = PBXFileReference; lastKnownFileType = sourcecode.swift; path = MovieGenreService.swift; sourceTree = "<group>"; };
		5268C6DE2C84C9830043BE29 /* MovieGenreView.swift */ = {isa = PBXFileReference; lastKnownFileType = sourcecode.swift; path = MovieGenreView.swift; sourceTree = "<group>"; };
		5268C6E02C84CB100043BE29 /* MovieGenreViewModel.swift */ = {isa = PBXFileReference; lastKnownFileType = sourcecode.swift; path = MovieGenreViewModel.swift; sourceTree = "<group>"; };
		52C6B92D2C8367B70081CE63 /* MovieDashboardView.swift */ = {isa = PBXFileReference; lastKnownFileType = sourcecode.swift; path = MovieDashboardView.swift; sourceTree = "<group>"; };
		52C6B9302C836BDA0081CE63 /* FilmCardView.swift */ = {isa = PBXFileReference; lastKnownFileType = sourcecode.swift; path = FilmCardView.swift; sourceTree = "<group>"; };
		52C6B9372C837B190081CE63 /* MovieModel.swift */ = {isa = PBXFileReference; lastKnownFileType = sourcecode.swift; path = MovieModel.swift; sourceTree = "<group>"; };
		52C6B9392C837B7B0081CE63 /* NetworkManager.swift */ = {isa = PBXFileReference; lastKnownFileType = sourcecode.swift; path = NetworkManager.swift; sourceTree = "<group>"; };
		52C6B93C2C837D190081CE63 /* ApiProtocol.swift */ = {isa = PBXFileReference; lastKnownFileType = sourcecode.swift; path = ApiProtocol.swift; sourceTree = "<group>"; };
		52C6B93F2C8389D90081CE63 /* DashboardViewModel.swift */ = {isa = PBXFileReference; lastKnownFileType = sourcecode.swift; path = DashboardViewModel.swift; sourceTree = "<group>"; };
		52C6B9422C838B8F0081CE63 /* AllFilmService.swift */ = {isa = PBXFileReference; lastKnownFileType = sourcecode.swift; path = AllFilmService.swift; sourceTree = "<group>"; };
		52C6B9442C838CFA0081CE63 /* HandleProtocol.swift */ = {isa = PBXFileReference; lastKnownFileType = sourcecode.swift; path = HandleProtocol.swift; sourceTree = "<group>"; };
		52C6B9482C84651D0081CE63 /* PlaceHolderData.swift */ = {isa = PBXFileReference; lastKnownFileType = sourcecode.swift; path = PlaceHolderData.swift; sourceTree = "<group>"; };
		52C6B94A2C846B940081CE63 /* AllTvSeriesModel.swift */ = {isa = PBXFileReference; lastKnownFileType = sourcecode.swift; path = AllTvSeriesModel.swift; sourceTree = "<group>"; };
		846ABB902C88D85800971C63 /* GetSingleMovieService.swift */ = {isa = PBXFileReference; lastKnownFileType = sourcecode.swift; path = GetSingleMovieService.swift; sourceTree = "<group>"; };
		8490B31C2C8B70C90049467E /* SinglePopularMovieViewModel.swift */ = {isa = PBXFileReference; lastKnownFileType = sourcecode.swift; path = SinglePopularMovieViewModel.swift; sourceTree = "<group>"; };
		84A9B8642C8A2DCE001FEAD6 /* SingleMovieView.swift */ = {isa = PBXFileReference; lastKnownFileType = sourcecode.swift; path = SingleMovieView.swift; sourceTree = "<group>"; };
		84BB53E62C8B73CC00A6242F /* PopularMovieView.swift */ = {isa = PBXFileReference; lastKnownFileType = sourcecode.swift; path = PopularMovieView.swift; sourceTree = "<group>"; };
/* End PBXFileReference section */

/* Begin PBXFrameworksBuildPhase section */
		5204053C2C82ECD9009B56FE /* Frameworks */ = {
			isa = PBXFrameworksBuildPhase;
			buildActionMask = 2147483647;
			files = (
				52C6B9342C836E5B0081CE63 /* Kingfisher in Frameworks */,
			);
			runOnlyForDeploymentPostprocessing = 0;
		};
		5204054C2C82ECDA009B56FE /* Frameworks */ = {
			isa = PBXFrameworksBuildPhase;
			buildActionMask = 2147483647;
			files = (
			);
			runOnlyForDeploymentPostprocessing = 0;
		};
		520405562C82ECDA009B56FE /* Frameworks */ = {
			isa = PBXFrameworksBuildPhase;
			buildActionMask = 2147483647;
			files = (
			);
			runOnlyForDeploymentPostprocessing = 0;
		};
/* End PBXFrameworksBuildPhase section */

/* Begin PBXGroup section */
		520405362C82ECD9009B56FE = {
			isa = PBXGroup;
			children = (
				520405412C82ECD9009B56FE /* MarvelMovie */,
				520405522C82ECDA009B56FE /* MarvelMovieTests */,
				5204055C2C82ECDA009B56FE /* MarvelMovieUITests */,
				520405402C82ECD9009B56FE /* Products */,
			);
			sourceTree = "<group>";
		};
		520405402C82ECD9009B56FE /* Products */ = {
			isa = PBXGroup;
			children = (
				5204053F2C82ECD9009B56FE /* MarvelMovie.app */,
				5204054F2C82ECDA009B56FE /* MarvelMovieTests.xctest */,
				520405592C82ECDA009B56FE /* MarvelMovieUITests.xctest */,
			);
			name = Products;
			sourceTree = "<group>";
		};
		520405412C82ECD9009B56FE /* MarvelMovie */ = {
			isa = PBXGroup;
			children = (
				526156C82C8C066600C90390 /* Info.plist */,
				52536A792C8C0577005DABBB /* CustomFonts */,
				52C6B94C2C846C0C0081CE63 /* App */,
				5204056C2C832D0B009B56FE /* Core */,
				5253C3852C8B409E0062181F /* Extensions */,
				52C6B9352C837A690081CE63 /* NetworkManager */,
				52C6B93B2C837CF70081CE63 /* Protocol */,
				52C6B9412C838B760081CE63 /* Services */,
				520405462C82ECDA009B56FE /* Assets.xcassets */,
				520405482C82ECDA009B56FE /* Preview Content */,
			);
			path = MarvelMovie;
			sourceTree = "<group>";
		};
		520405482C82ECDA009B56FE /* Preview Content */ = {
			isa = PBXGroup;
			children = (
				520405492C82ECDA009B56FE /* Preview Assets.xcassets */,
			);
			path = "Preview Content";
			sourceTree = "<group>";
		};
		520405522C82ECDA009B56FE /* MarvelMovieTests */ = {
			isa = PBXGroup;
			children = (
				520405532C82ECDA009B56FE /* MarvelMovieTests.swift */,
			);
			path = MarvelMovieTests;
			sourceTree = "<group>";
		};
		5204055C2C82ECDA009B56FE /* MarvelMovieUITests */ = {
			isa = PBXGroup;
			children = (
				5204055D2C82ECDA009B56FE /* MarvelMovieUITests.swift */,
				5204055F2C82ECDA009B56FE /* MarvelMovieUITestsLaunchTests.swift */,
			);
			path = MarvelMovieUITests;
			sourceTree = "<group>";
		};
		5204056C2C832D0B009B56FE /* Core */ = {
			isa = PBXGroup;
			children = (
				5253C38D2C8B69110062181F /* PopularMovies */,
				5253C38A2C8B664B0062181F /* CommonView */,
				84A9B8602C8A2D89001FEAD6 /* SingleMovie */,
				5268C6D62C84C5FF0043BE29 /* MovieGenre */,
				5250ECC92C84AC8B00E8BD9E /* Profile */,
				52C6B92B2C8367780081CE63 /* Dashboard */,
				5204056D2C832D1E009B56FE /* SplashScreen */,
			);
			path = Core;
			sourceTree = "<group>";
		};
		5204056D2C832D1E009B56FE /* SplashScreen */ = {
			isa = PBXGroup;
			children = (
				5204056E2C832D26009B56FE /* view */,
			);
			path = SplashScreen;
			sourceTree = "<group>";
		};
		5204056E2C832D26009B56FE /* view */ = {
			isa = PBXGroup;
			children = (
				5204056F2C832D4A009B56FE /* SplashScreen.swift */,
			);
			path = view;
			sourceTree = "<group>";
		};
		5250ECC92C84AC8B00E8BD9E /* Profile */ = {
			isa = PBXGroup;
			children = (
				5250ECCC2C84ACDA00E8BD9E /* Model */,
				5250ECCB2C84ACD200E8BD9E /* ViewModel */,
				5250ECCA2C84AC9C00E8BD9E /* View */,
			);
			path = Profile;
			sourceTree = "<group>";
		};
		5250ECCA2C84AC9C00E8BD9E /* View */ = {
			isa = PBXGroup;
			children = (
				5250ECD32C84B8BA00E8BD9E /* ProfileSection.swift */,
			);
			path = View;
			sourceTree = "<group>";
		};
		5250ECCB2C84ACD200E8BD9E /* ViewModel */ = {
			isa = PBXGroup;
			children = (
				5250ECD12C84B1C300E8BD9E /* ProfileViewModel.swift */,
			);
			path = ViewModel;
			sourceTree = "<group>";
		};
		5250ECCC2C84ACDA00E8BD9E /* Model */ = {
			isa = PBXGroup;
			children = (
				5250ECCD2C84AD3E00E8BD9E /* ProfileModel.swift */,
			);
			path = Model;
			sourceTree = "<group>";
		};
		52536A792C8C0577005DABBB /* CustomFonts */ = {
			isa = PBXGroup;
			children = (
				52536A7C2C8C059B005DABBB /* Montserrat-Bold.ttf */,
				52536A7A2C8C0594005DABBB /* Montserrat-Regular.ttf */,
			);
			path = CustomFonts;
			sourceTree = "<group>";
		};
		5253C3852C8B409E0062181F /* Extensions */ = {
			isa = PBXGroup;
			children = (
				5253C3862C8B40CA0062181F /* StringExtension.swift */,
			);
			path = Extensions;
			sourceTree = "<group>";
		};
		5253C38A2C8B664B0062181F /* CommonView */ = {
			isa = PBXGroup;
			children = (
				5253C38B2C8B66600062181F /* BackButtonView.swift */,
			);
			path = CommonView;
			sourceTree = "<group>";
		};
		5253C38D2C8B69110062181F /* PopularMovies */ = {
			isa = PBXGroup;
			children = (
				8490B31B2C8B709A0049467E /* ViewModel */,
				8490B31E2C8B731B0049467E /* View */,
			);
			path = PopularMovies;
			sourceTree = "<group>";
		};
		5268C6D62C84C5FF0043BE29 /* MovieGenre */ = {
			isa = PBXGroup;
			children = (
				5268C6D92C84C6470043BE29 /* Model */,
				5268C6D82C84C63D0043BE29 /* ViewModel */,
				5268C6D72C84C6360043BE29 /* View */,
			);
			path = MovieGenre;
			sourceTree = "<group>";
		};
		5268C6D72C84C6360043BE29 /* View */ = {
			isa = PBXGroup;
			children = (
				5268C6DE2C84C9830043BE29 /* MovieGenreView.swift */,
			);
			path = View;
			sourceTree = "<group>";
		};
		5268C6D82C84C63D0043BE29 /* ViewModel */ = {
			isa = PBXGroup;
			children = (
				5268C6E02C84CB100043BE29 /* MovieGenreViewModel.swift */,
			);
			path = ViewModel;
			sourceTree = "<group>";
		};
		5268C6D92C84C6470043BE29 /* Model */ = {
			isa = PBXGroup;
			children = (
				5268C6DA2C84C6750043BE29 /* MovieGenreModel.swift */,
			);
			path = Model;
			sourceTree = "<group>";
		};
		52C6B92B2C8367780081CE63 /* Dashboard */ = {
			isa = PBXGroup;
			children = (
				52C6B93E2C8389A40081CE63 /* ViewModel */,
				52C6B9362C837B000081CE63 /* Model */,
				52C6B92F2C836BB70081CE63 /* viewComponent */,
				52C6B92C2C8367830081CE63 /* view */,
			);
			path = Dashboard;
			sourceTree = "<group>";
		};
		52C6B92C2C8367830081CE63 /* view */ = {
			isa = PBXGroup;
			children = (
				52C6B92D2C8367B70081CE63 /* MovieDashboardView.swift */,
			);
			path = view;
			sourceTree = "<group>";
		};
		52C6B92F2C836BB70081CE63 /* viewComponent */ = {
			isa = PBXGroup;
			children = (
				52C6B9302C836BDA0081CE63 /* FilmCardView.swift */,
			);
			path = viewComponent;
			sourceTree = "<group>";
		};
		52C6B9352C837A690081CE63 /* NetworkManager */ = {
			isa = PBXGroup;
			children = (
				52C6B9392C837B7B0081CE63 /* NetworkManager.swift */,
			);
			path = NetworkManager;
			sourceTree = "<group>";
		};
		52C6B9362C837B000081CE63 /* Model */ = {
			isa = PBXGroup;
			children = (
				52C6B9482C84651D0081CE63 /* PlaceHolderData.swift */,
				52C6B9372C837B190081CE63 /* MovieModel.swift */,
				52C6B94A2C846B940081CE63 /* AllTvSeriesModel.swift */,
				5250ECC52C8470EA00E8BD9E /* FilmCardDataModel.swift */,
			);
			path = Model;
			sourceTree = "<group>";
		};
		52C6B93B2C837CF70081CE63 /* Protocol */ = {
			isa = PBXGroup;
			children = (
				52C6B93C2C837D190081CE63 /* ApiProtocol.swift */,
				52C6B9442C838CFA0081CE63 /* HandleProtocol.swift */,
			);
			path = Protocol;
			sourceTree = "<group>";
		};
		52C6B93E2C8389A40081CE63 /* ViewModel */ = {
			isa = PBXGroup;
			children = (
				52C6B93F2C8389D90081CE63 /* DashboardViewModel.swift */,
			);
			path = ViewModel;
			sourceTree = "<group>";
		};
		52C6B9412C838B760081CE63 /* Services */ = {
			isa = PBXGroup;
			children = (
				52C6B9422C838B8F0081CE63 /* AllFilmService.swift */,
				5250ECC32C846D9900E8BD9E /* AllTvSeriesService.swift */,
				5250ECCF2C84AFC900E8BD9E /* GetuserdetailsService.swift */,
				5268C6DC2C84C6A00043BE29 /* MovieGenreService.swift */,
				846ABB902C88D85800971C63 /* GetSingleMovieService.swift */,
			);
			path = Services;
			sourceTree = "<group>";
		};
		52C6B94C2C846C0C0081CE63 /* App */ = {
			isa = PBXGroup;
			children = (
				520405422C82ECD9009B56FE /* MarvelMovieApp.swift */,
				520405442C82ECD9009B56FE /* ContentView.swift */,
			);
			path = App;
			sourceTree = "<group>";
		};
		8490B31B2C8B709A0049467E /* ViewModel */ = {
			isa = PBXGroup;
			children = (
				8490B31C2C8B70C90049467E /* SinglePopularMovieViewModel.swift */,
			);
			path = ViewModel;
			sourceTree = "<group>";
		};
		8490B31E2C8B731B0049467E /* View */ = {
			isa = PBXGroup;
			children = (
				84BB53E62C8B73CC00A6242F /* PopularMovieView.swift */,
			);
			path = View;
			sourceTree = "<group>";
		};
		84A9B8602C8A2D89001FEAD6 /* SingleMovie */ = {
			isa = PBXGroup;
			children = (
				84A9B8632C8A2DAE001FEAD6 /* Model */,
				84A9B8622C8A2DA2001FEAD6 /* ViewModel */,
				84A9B8612C8A2D9B001FEAD6 /* View */,
			);
			path = SingleMovie;
			sourceTree = "<group>";
		};
		84A9B8612C8A2D9B001FEAD6 /* View */ = {
			isa = PBXGroup;
			children = (
				84A9B8642C8A2DCE001FEAD6 /* SingleMovieView.swift */,
				5253C3882C8B598E0062181F /* CompnayDetailsView.swift */,
			);
			path = View;
			sourceTree = "<group>";
		};
		84A9B8622C8A2DA2001FEAD6 /* ViewModel */ = {
			isa = PBXGroup;
			children = (
				5253C3832C8B2FC00062181F /* SingleMovieViewModel.swift */,
			);
			path = ViewModel;
			sourceTree = "<group>";
		};
		84A9B8632C8A2DAE001FEAD6 /* Model */ = {
			isa = PBXGroup;
			children = (
				5253C3812C8B2E830062181F /* SingleMovieModel.swift */,
			);
			path = Model;
			sourceTree = "<group>";
		};
/* End PBXGroup section */

/* Begin PBXNativeTarget section */
		5204053E2C82ECD9009B56FE /* MarvelMovie */ = {
			isa = PBXNativeTarget;
			buildConfigurationList = 520405632C82ECDA009B56FE /* Build configuration list for PBXNativeTarget "MarvelMovie" */;
			buildPhases = (
				5204053B2C82ECD9009B56FE /* Sources */,
				5204053C2C82ECD9009B56FE /* Frameworks */,
				5204053D2C82ECD9009B56FE /* Resources */,
			);
			buildRules = (
			);
			dependencies = (
			);
			name = MarvelMovie;
			packageProductDependencies = (
				52C6B9332C836E5B0081CE63 /* Kingfisher */,
			);
			productName = MarvelMovie;
			productReference = 5204053F2C82ECD9009B56FE /* MarvelMovie.app */;
			productType = "com.apple.product-type.application";
		};
		5204054E2C82ECDA009B56FE /* MarvelMovieTests */ = {
			isa = PBXNativeTarget;
			buildConfigurationList = 520405662C82ECDA009B56FE /* Build configuration list for PBXNativeTarget "MarvelMovieTests" */;
			buildPhases = (
				5204054B2C82ECDA009B56FE /* Sources */,
				5204054C2C82ECDA009B56FE /* Frameworks */,
				5204054D2C82ECDA009B56FE /* Resources */,
			);
			buildRules = (
			);
			dependencies = (
				520405512C82ECDA009B56FE /* PBXTargetDependency */,
			);
			name = MarvelMovieTests;
			productName = MarvelMovieTests;
			productReference = 5204054F2C82ECDA009B56FE /* MarvelMovieTests.xctest */;
			productType = "com.apple.product-type.bundle.unit-test";
		};
		520405582C82ECDA009B56FE /* MarvelMovieUITests */ = {
			isa = PBXNativeTarget;
			buildConfigurationList = 520405692C82ECDA009B56FE /* Build configuration list for PBXNativeTarget "MarvelMovieUITests" */;
			buildPhases = (
				520405552C82ECDA009B56FE /* Sources */,
				520405562C82ECDA009B56FE /* Frameworks */,
				520405572C82ECDA009B56FE /* Resources */,
			);
			buildRules = (
			);
			dependencies = (
				5204055B2C82ECDA009B56FE /* PBXTargetDependency */,
			);
			name = MarvelMovieUITests;
			productName = MarvelMovieUITests;
			productReference = 520405592C82ECDA009B56FE /* MarvelMovieUITests.xctest */;
			productType = "com.apple.product-type.bundle.ui-testing";
		};
/* End PBXNativeTarget section */

/* Begin PBXProject section */
		520405372C82ECD9009B56FE /* Project object */ = {
			isa = PBXProject;
			attributes = {
				BuildIndependentTargetsInParallel = 1;
				LastSwiftUpdateCheck = 1540;
				LastUpgradeCheck = 1540;
				TargetAttributes = {
					5204053E2C82ECD9009B56FE = {
						CreatedOnToolsVersion = 15.4;
					};
					5204054E2C82ECDA009B56FE = {
						CreatedOnToolsVersion = 15.4;
						TestTargetID = 5204053E2C82ECD9009B56FE;
					};
					520405582C82ECDA009B56FE = {
						CreatedOnToolsVersion = 15.4;
						TestTargetID = 5204053E2C82ECD9009B56FE;
					};
				};
			};
			buildConfigurationList = 5204053A2C82ECD9009B56FE /* Build configuration list for PBXProject "MarvelMovie" */;
			compatibilityVersion = "Xcode 14.0";
			developmentRegion = en;
			hasScannedForEncodings = 0;
			knownRegions = (
				en,
				Base,
			);
			mainGroup = 520405362C82ECD9009B56FE;
			packageReferences = (
				52C6B9322C836E5B0081CE63 /* XCRemoteSwiftPackageReference "Kingfisher" */,
			);
			productRefGroup = 520405402C82ECD9009B56FE /* Products */;
			projectDirPath = "";
			projectRoot = "";
			targets = (
				5204053E2C82ECD9009B56FE /* MarvelMovie */,
				5204054E2C82ECDA009B56FE /* MarvelMovieTests */,
				520405582C82ECDA009B56FE /* MarvelMovieUITests */,
			);
		};
/* End PBXProject section */

/* Begin PBXResourcesBuildPhase section */
		5204053D2C82ECD9009B56FE /* Resources */ = {
			isa = PBXResourcesBuildPhase;
			buildActionMask = 2147483647;
			files = (
				52536A7D2C8C059B005DABBB /* Montserrat-Bold.ttf in Resources */,
				52536A7B2C8C0594005DABBB /* Montserrat-Regular.ttf in Resources */,
				5204054A2C82ECDA009B56FE /* Preview Assets.xcassets in Resources */,
				520405472C82ECDA009B56FE /* Assets.xcassets in Resources */,
			);
			runOnlyForDeploymentPostprocessing = 0;
		};
		5204054D2C82ECDA009B56FE /* Resources */ = {
			isa = PBXResourcesBuildPhase;
			buildActionMask = 2147483647;
			files = (
			);
			runOnlyForDeploymentPostprocessing = 0;
		};
		520405572C82ECDA009B56FE /* Resources */ = {
			isa = PBXResourcesBuildPhase;
			buildActionMask = 2147483647;
			files = (
			);
			runOnlyForDeploymentPostprocessing = 0;
		};
/* End PBXResourcesBuildPhase section */

/* Begin PBXSourcesBuildPhase section */
		5204053B2C82ECD9009B56FE /* Sources */ = {
			isa = PBXSourcesBuildPhase;
			buildActionMask = 2147483647;
			files = (
				52C6B93D2C837D190081CE63 /* ApiProtocol.swift in Sources */,
				52C6B9382C837B190081CE63 /* MovieModel.swift in Sources */,
				52C6B9452C838CFA0081CE63 /* HandleProtocol.swift in Sources */,
				52C6B94B2C846B940081CE63 /* AllTvSeriesModel.swift in Sources */,
				520405452C82ECD9009B56FE /* ContentView.swift in Sources */,
				52C6B9402C8389D90081CE63 /* DashboardViewModel.swift in Sources */,
				8490B31D2C8B70C90049467E /* SinglePopularMovieViewModel.swift in Sources */,
				5250ECC42C846D9900E8BD9E /* AllTvSeriesService.swift in Sources */,
				5250ECC62C8470EA00E8BD9E /* FilmCardDataModel.swift in Sources */,
				5253C3872C8B40CA0062181F /* StringExtension.swift in Sources */,
				52C6B9492C84651D0081CE63 /* PlaceHolderData.swift in Sources */,
				5253C3892C8B598E0062181F /* CompnayDetailsView.swift in Sources */,
				5253C38C2C8B66600062181F /* BackButtonView.swift in Sources */,
				846ABB912C88D85800971C63 /* GetSingleMovieService.swift in Sources */,
				52C6B9312C836BDA0081CE63 /* FilmCardView.swift in Sources */,
				84BB53E72C8B73CC00A6242F /* PopularMovieView.swift in Sources */,
				52C6B93A2C837B7B0081CE63 /* NetworkManager.swift in Sources */,
				520405702C832D4A009B56FE /* SplashScreen.swift in Sources */,
				5250ECD22C84B1C300E8BD9E /* ProfileViewModel.swift in Sources */,
				5253C3842C8B2FC00062181F /* SingleMovieViewModel.swift in Sources */,
				5268C6DF2C84C9830043BE29 /* MovieGenreView.swift in Sources */,
				5268C6DD2C84C6A00043BE29 /* MovieGenreService.swift in Sources */,
				5250ECD42C84B8BA00E8BD9E /* ProfileSection.swift in Sources */,
				5250ECD02C84AFC900E8BD9E /* GetuserdetailsService.swift in Sources */,
				84A9B8652C8A2DCE001FEAD6 /* SingleMovieView.swift in Sources */,
				52C6B92E2C8367B70081CE63 /* MovieDashboardView.swift in Sources */,
				520405432C82ECD9009B56FE /* MarvelMovieApp.swift in Sources */,
				52C6B9432C838B8F0081CE63 /* AllFilmService.swift in Sources */,
				5268C6DB2C84C6750043BE29 /* MovieGenreModel.swift in Sources */,
				5268C6E12C84CB100043BE29 /* MovieGenreViewModel.swift in Sources */,
				5253C3822C8B2E830062181F /* SingleMovieModel.swift in Sources */,
				5250ECCE2C84AD3E00E8BD9E /* ProfileModel.swift in Sources */,
			);
			runOnlyForDeploymentPostprocessing = 0;
		};
		5204054B2C82ECDA009B56FE /* Sources */ = {
			isa = PBXSourcesBuildPhase;
			buildActionMask = 2147483647;
			files = (
				520405542C82ECDA009B56FE /* MarvelMovieTests.swift in Sources */,
			);
			runOnlyForDeploymentPostprocessing = 0;
		};
		520405552C82ECDA009B56FE /* Sources */ = {
			isa = PBXSourcesBuildPhase;
			buildActionMask = 2147483647;
			files = (
				520405602C82ECDA009B56FE /* MarvelMovieUITestsLaunchTests.swift in Sources */,
				5204055E2C82ECDA009B56FE /* MarvelMovieUITests.swift in Sources */,
			);
			runOnlyForDeploymentPostprocessing = 0;
		};
/* End PBXSourcesBuildPhase section */

/* Begin PBXTargetDependency section */
		520405512C82ECDA009B56FE /* PBXTargetDependency */ = {
			isa = PBXTargetDependency;
			target = 5204053E2C82ECD9009B56FE /* MarvelMovie */;
			targetProxy = 520405502C82ECDA009B56FE /* PBXContainerItemProxy */;
		};
		5204055B2C82ECDA009B56FE /* PBXTargetDependency */ = {
			isa = PBXTargetDependency;
			target = 5204053E2C82ECD9009B56FE /* MarvelMovie */;
			targetProxy = 5204055A2C82ECDA009B56FE /* PBXContainerItemProxy */;
		};
/* End PBXTargetDependency section */

/* Begin XCBuildConfiguration section */
		520405612C82ECDA009B56FE /* Debug */ = {
			isa = XCBuildConfiguration;
			buildSettings = {
				ALWAYS_SEARCH_USER_PATHS = NO;
				ASSETCATALOG_COMPILER_GENERATE_SWIFT_ASSET_SYMBOL_EXTENSIONS = YES;
				CLANG_ANALYZER_NONNULL = YES;
				CLANG_ANALYZER_NUMBER_OBJECT_CONVERSION = YES_AGGRESSIVE;
				CLANG_CXX_LANGUAGE_STANDARD = "gnu++20";
				CLANG_ENABLE_MODULES = YES;
				CLANG_ENABLE_OBJC_ARC = YES;
				CLANG_ENABLE_OBJC_WEAK = YES;
				CLANG_WARN_BLOCK_CAPTURE_AUTORELEASING = YES;
				CLANG_WARN_BOOL_CONVERSION = YES;
				CLANG_WARN_COMMA = YES;
				CLANG_WARN_CONSTANT_CONVERSION = YES;
				CLANG_WARN_DEPRECATED_OBJC_IMPLEMENTATIONS = YES;
				CLANG_WARN_DIRECT_OBJC_ISA_USAGE = YES_ERROR;
				CLANG_WARN_DOCUMENTATION_COMMENTS = YES;
				CLANG_WARN_EMPTY_BODY = YES;
				CLANG_WARN_ENUM_CONVERSION = YES;
				CLANG_WARN_INFINITE_RECURSION = YES;
				CLANG_WARN_INT_CONVERSION = YES;
				CLANG_WARN_NON_LITERAL_NULL_CONVERSION = YES;
				CLANG_WARN_OBJC_IMPLICIT_RETAIN_SELF = YES;
				CLANG_WARN_OBJC_LITERAL_CONVERSION = YES;
				CLANG_WARN_OBJC_ROOT_CLASS = YES_ERROR;
				CLANG_WARN_QUOTED_INCLUDE_IN_FRAMEWORK_HEADER = YES;
				CLANG_WARN_RANGE_LOOP_ANALYSIS = YES;
				CLANG_WARN_STRICT_PROTOTYPES = YES;
				CLANG_WARN_SUSPICIOUS_MOVE = YES;
				CLANG_WARN_UNGUARDED_AVAILABILITY = YES_AGGRESSIVE;
				CLANG_WARN_UNREACHABLE_CODE = YES;
				CLANG_WARN__DUPLICATE_METHOD_MATCH = YES;
				COPY_PHASE_STRIP = NO;
				DEBUG_INFORMATION_FORMAT = dwarf;
				ENABLE_STRICT_OBJC_MSGSEND = YES;
				ENABLE_TESTABILITY = YES;
				ENABLE_USER_SCRIPT_SANDBOXING = YES;
				GCC_C_LANGUAGE_STANDARD = gnu17;
				GCC_DYNAMIC_NO_PIC = NO;
				GCC_NO_COMMON_BLOCKS = YES;
				GCC_OPTIMIZATION_LEVEL = 0;
				GCC_PREPROCESSOR_DEFINITIONS = (
					"DEBUG=1",
					"$(inherited)",
				);
				GCC_WARN_64_TO_32_BIT_CONVERSION = YES;
				GCC_WARN_ABOUT_RETURN_TYPE = YES_ERROR;
				GCC_WARN_UNDECLARED_SELECTOR = YES;
				GCC_WARN_UNINITIALIZED_AUTOS = YES_AGGRESSIVE;
				GCC_WARN_UNUSED_FUNCTION = YES;
				GCC_WARN_UNUSED_VARIABLE = YES;
				IPHONEOS_DEPLOYMENT_TARGET = 17.5;
				LOCALIZATION_PREFERS_STRING_CATALOGS = YES;
				MTL_ENABLE_DEBUG_INFO = INCLUDE_SOURCE;
				MTL_FAST_MATH = YES;
				ONLY_ACTIVE_ARCH = YES;
				SDKROOT = iphoneos;
				SWIFT_ACTIVE_COMPILATION_CONDITIONS = "DEBUG $(inherited)";
				SWIFT_OPTIMIZATION_LEVEL = "-Onone";
			};
			name = Debug;
		};
		520405622C82ECDA009B56FE /* Release */ = {
			isa = XCBuildConfiguration;
			buildSettings = {
				ALWAYS_SEARCH_USER_PATHS = NO;
				ASSETCATALOG_COMPILER_GENERATE_SWIFT_ASSET_SYMBOL_EXTENSIONS = YES;
				CLANG_ANALYZER_NONNULL = YES;
				CLANG_ANALYZER_NUMBER_OBJECT_CONVERSION = YES_AGGRESSIVE;
				CLANG_CXX_LANGUAGE_STANDARD = "gnu++20";
				CLANG_ENABLE_MODULES = YES;
				CLANG_ENABLE_OBJC_ARC = YES;
				CLANG_ENABLE_OBJC_WEAK = YES;
				CLANG_WARN_BLOCK_CAPTURE_AUTORELEASING = YES;
				CLANG_WARN_BOOL_CONVERSION = YES;
				CLANG_WARN_COMMA = YES;
				CLANG_WARN_CONSTANT_CONVERSION = YES;
				CLANG_WARN_DEPRECATED_OBJC_IMPLEMENTATIONS = YES;
				CLANG_WARN_DIRECT_OBJC_ISA_USAGE = YES_ERROR;
				CLANG_WARN_DOCUMENTATION_COMMENTS = YES;
				CLANG_WARN_EMPTY_BODY = YES;
				CLANG_WARN_ENUM_CONVERSION = YES;
				CLANG_WARN_INFINITE_RECURSION = YES;
				CLANG_WARN_INT_CONVERSION = YES;
				CLANG_WARN_NON_LITERAL_NULL_CONVERSION = YES;
				CLANG_WARN_OBJC_IMPLICIT_RETAIN_SELF = YES;
				CLANG_WARN_OBJC_LITERAL_CONVERSION = YES;
				CLANG_WARN_OBJC_ROOT_CLASS = YES_ERROR;
				CLANG_WARN_QUOTED_INCLUDE_IN_FRAMEWORK_HEADER = YES;
				CLANG_WARN_RANGE_LOOP_ANALYSIS = YES;
				CLANG_WARN_STRICT_PROTOTYPES = YES;
				CLANG_WARN_SUSPICIOUS_MOVE = YES;
				CLANG_WARN_UNGUARDED_AVAILABILITY = YES_AGGRESSIVE;
				CLANG_WARN_UNREACHABLE_CODE = YES;
				CLANG_WARN__DUPLICATE_METHOD_MATCH = YES;
				COPY_PHASE_STRIP = NO;
				DEBUG_INFORMATION_FORMAT = "dwarf-with-dsym";
				ENABLE_NS_ASSERTIONS = NO;
				ENABLE_STRICT_OBJC_MSGSEND = YES;
				ENABLE_USER_SCRIPT_SANDBOXING = YES;
				GCC_C_LANGUAGE_STANDARD = gnu17;
				GCC_NO_COMMON_BLOCKS = YES;
				GCC_WARN_64_TO_32_BIT_CONVERSION = YES;
				GCC_WARN_ABOUT_RETURN_TYPE = YES_ERROR;
				GCC_WARN_UNDECLARED_SELECTOR = YES;
				GCC_WARN_UNINITIALIZED_AUTOS = YES_AGGRESSIVE;
				GCC_WARN_UNUSED_FUNCTION = YES;
				GCC_WARN_UNUSED_VARIABLE = YES;
				IPHONEOS_DEPLOYMENT_TARGET = 17.5;
				LOCALIZATION_PREFERS_STRING_CATALOGS = YES;
				MTL_ENABLE_DEBUG_INFO = NO;
				MTL_FAST_MATH = YES;
				SDKROOT = iphoneos;
				SWIFT_COMPILATION_MODE = wholemodule;
				VALIDATE_PRODUCT = YES;
			};
			name = Release;
		};
		520405642C82ECDA009B56FE /* Debug */ = {
			isa = XCBuildConfiguration;
			buildSettings = {
				ASSETCATALOG_COMPILER_APPICON_NAME = AppIcon;
				ASSETCATALOG_COMPILER_GLOBAL_ACCENT_COLOR_NAME = AccentColor;
				CODE_SIGN_STYLE = Automatic;
				CURRENT_PROJECT_VERSION = 1;
				DEVELOPMENT_ASSET_PATHS = "\"MarvelMovie/Preview Content\"";
				DEVELOPMENT_TEAM = T27Z45937J;
				ENABLE_PREVIEWS = YES;
				GENERATE_INFOPLIST_FILE = YES;
				INFOPLIST_FILE = MarvelMovie/Info.plist;
				INFOPLIST_KEY_UIApplicationSceneManifest_Generation = YES;
				INFOPLIST_KEY_UIApplicationSupportsIndirectInputEvents = YES;
				INFOPLIST_KEY_UILaunchScreen_Generation = YES;
				INFOPLIST_KEY_UISupportedInterfaceOrientations_iPad = "UIInterfaceOrientationPortrait UIInterfaceOrientationPortraitUpsideDown UIInterfaceOrientationLandscapeLeft UIInterfaceOrientationLandscapeRight";
				INFOPLIST_KEY_UISupportedInterfaceOrientations_iPhone = "UIInterfaceOrientationPortrait UIInterfaceOrientationLandscapeLeft UIInterfaceOrientationLandscapeRight";
				LD_RUNPATH_SEARCH_PATHS = (
					"$(inherited)",
					"@executable_path/Frameworks",
				);
				MARKETING_VERSION = 1.0;
				PRODUCT_BUNDLE_IDENTIFIER = test.MarvelMovie;
				PRODUCT_NAME = "$(TARGET_NAME)";
				SWIFT_EMIT_LOC_STRINGS = YES;
				SWIFT_VERSION = 5.0;
				TARGETED_DEVICE_FAMILY = "1,2";
			};
			name = Debug;
		};
		520405652C82ECDA009B56FE /* Release */ = {
			isa = XCBuildConfiguration;
			buildSettings = {
				ASSETCATALOG_COMPILER_APPICON_NAME = AppIcon;
				ASSETCATALOG_COMPILER_GLOBAL_ACCENT_COLOR_NAME = AccentColor;
				CODE_SIGN_STYLE = Automatic;
				CURRENT_PROJECT_VERSION = 1;
				DEVELOPMENT_ASSET_PATHS = "\"MarvelMovie/Preview Content\"";
				DEVELOPMENT_TEAM = T27Z45937J;
				ENABLE_PREVIEWS = YES;
				GENERATE_INFOPLIST_FILE = YES;
				INFOPLIST_FILE = MarvelMovie/Info.plist;
				INFOPLIST_KEY_UIApplicationSceneManifest_Generation = YES;
				INFOPLIST_KEY_UIApplicationSupportsIndirectInputEvents = YES;
				INFOPLIST_KEY_UILaunchScreen_Generation = YES;
				INFOPLIST_KEY_UISupportedInterfaceOrientations_iPad = "UIInterfaceOrientationPortrait UIInterfaceOrientationPortraitUpsideDown UIInterfaceOrientationLandscapeLeft UIInterfaceOrientationLandscapeRight";
				INFOPLIST_KEY_UISupportedInterfaceOrientations_iPhone = "UIInterfaceOrientationPortrait UIInterfaceOrientationLandscapeLeft UIInterfaceOrientationLandscapeRight";
				LD_RUNPATH_SEARCH_PATHS = (
					"$(inherited)",
					"@executable_path/Frameworks",
				);
				MARKETING_VERSION = 1.0;
				PRODUCT_BUNDLE_IDENTIFIER = test.MarvelMovie;
				PRODUCT_NAME = "$(TARGET_NAME)";
				SWIFT_EMIT_LOC_STRINGS = YES;
				SWIFT_VERSION = 5.0;
				TARGETED_DEVICE_FAMILY = "1,2";
			};
			name = Release;
		};
		520405672C82ECDA009B56FE /* Debug */ = {
			isa = XCBuildConfiguration;
			buildSettings = {
				ALWAYS_EMBED_SWIFT_STANDARD_LIBRARIES = YES;
				BUNDLE_LOADER = "$(TEST_HOST)";
				CODE_SIGN_STYLE = Automatic;
				CURRENT_PROJECT_VERSION = 1;
				GENERATE_INFOPLIST_FILE = YES;
				IPHONEOS_DEPLOYMENT_TARGET = 17.5;
				MARKETING_VERSION = 1.0;
				PRODUCT_BUNDLE_IDENTIFIER = test.MarvelMovieTests;
				PRODUCT_NAME = "$(TARGET_NAME)";
				SWIFT_EMIT_LOC_STRINGS = NO;
				SWIFT_VERSION = 5.0;
				TARGETED_DEVICE_FAMILY = "1,2";
				TEST_HOST = "$(BUILT_PRODUCTS_DIR)/MarvelMovie.app/$(BUNDLE_EXECUTABLE_FOLDER_PATH)/MarvelMovie";
			};
			name = Debug;
		};
		520405682C82ECDA009B56FE /* Release */ = {
			isa = XCBuildConfiguration;
			buildSettings = {
				ALWAYS_EMBED_SWIFT_STANDARD_LIBRARIES = YES;
				BUNDLE_LOADER = "$(TEST_HOST)";
				CODE_SIGN_STYLE = Automatic;
				CURRENT_PROJECT_VERSION = 1;
				GENERATE_INFOPLIST_FILE = YES;
				IPHONEOS_DEPLOYMENT_TARGET = 17.5;
				MARKETING_VERSION = 1.0;
				PRODUCT_BUNDLE_IDENTIFIER = test.MarvelMovieTests;
				PRODUCT_NAME = "$(TARGET_NAME)";
				SWIFT_EMIT_LOC_STRINGS = NO;
				SWIFT_VERSION = 5.0;
				TARGETED_DEVICE_FAMILY = "1,2";
				TEST_HOST = "$(BUILT_PRODUCTS_DIR)/MarvelMovie.app/$(BUNDLE_EXECUTABLE_FOLDER_PATH)/MarvelMovie";
			};
			name = Release;
		};
		5204056A2C82ECDA009B56FE /* Debug */ = {
			isa = XCBuildConfiguration;
			buildSettings = {
				ALWAYS_EMBED_SWIFT_STANDARD_LIBRARIES = YES;
				CODE_SIGN_STYLE = Automatic;
				CURRENT_PROJECT_VERSION = 1;
				GENERATE_INFOPLIST_FILE = YES;
				MARKETING_VERSION = 1.0;
				PRODUCT_BUNDLE_IDENTIFIER = test.MarvelMovieUITests;
				PRODUCT_NAME = "$(TARGET_NAME)";
				SWIFT_EMIT_LOC_STRINGS = NO;
				SWIFT_VERSION = 5.0;
				TARGETED_DEVICE_FAMILY = "1,2";
				TEST_TARGET_NAME = MarvelMovie;
			};
			name = Debug;
		};
		5204056B2C82ECDA009B56FE /* Release */ = {
			isa = XCBuildConfiguration;
			buildSettings = {
				ALWAYS_EMBED_SWIFT_STANDARD_LIBRARIES = YES;
				CODE_SIGN_STYLE = Automatic;
				CURRENT_PROJECT_VERSION = 1;
				GENERATE_INFOPLIST_FILE = YES;
				MARKETING_VERSION = 1.0;
				PRODUCT_BUNDLE_IDENTIFIER = test.MarvelMovieUITests;
				PRODUCT_NAME = "$(TARGET_NAME)";
				SWIFT_EMIT_LOC_STRINGS = NO;
				SWIFT_VERSION = 5.0;
				TARGETED_DEVICE_FAMILY = "1,2";
				TEST_TARGET_NAME = MarvelMovie;
			};
			name = Release;
		};
/* End XCBuildConfiguration section */

/* Begin XCConfigurationList section */
		5204053A2C82ECD9009B56FE /* Build configuration list for PBXProject "MarvelMovie" */ = {
			isa = XCConfigurationList;
			buildConfigurations = (
				520405612C82ECDA009B56FE /* Debug */,
				520405622C82ECDA009B56FE /* Release */,
			);
			defaultConfigurationIsVisible = 0;
			defaultConfigurationName = Release;
		};
		520405632C82ECDA009B56FE /* Build configuration list for PBXNativeTarget "MarvelMovie" */ = {
			isa = XCConfigurationList;
			buildConfigurations = (
				520405642C82ECDA009B56FE /* Debug */,
				520405652C82ECDA009B56FE /* Release */,
			);
			defaultConfigurationIsVisible = 0;
			defaultConfigurationName = Release;
		};
		520405662C82ECDA009B56FE /* Build configuration list for PBXNativeTarget "MarvelMovieTests" */ = {
			isa = XCConfigurationList;
			buildConfigurations = (
				520405672C82ECDA009B56FE /* Debug */,
				520405682C82ECDA009B56FE /* Release */,
			);
			defaultConfigurationIsVisible = 0;
			defaultConfigurationName = Release;
		};
		520405692C82ECDA009B56FE /* Build configuration list for PBXNativeTarget "MarvelMovieUITests" */ = {
			isa = XCConfigurationList;
			buildConfigurations = (
				5204056A2C82ECDA009B56FE /* Debug */,
				5204056B2C82ECDA009B56FE /* Release */,
			);
			defaultConfigurationIsVisible = 0;
			defaultConfigurationName = Release;
		};
/* End XCConfigurationList section */

/* Begin XCRemoteSwiftPackageReference section */
		52C6B9322C836E5B0081CE63 /* XCRemoteSwiftPackageReference "Kingfisher" */ = {
			isa = XCRemoteSwiftPackageReference;
			repositoryURL = "https://github.com/onevcat/Kingfisher.git";
			requirement = {
				kind = upToNextMajorVersion;
				minimumVersion = 7.12.0;
			};
		};
/* End XCRemoteSwiftPackageReference section */

/* Begin XCSwiftPackageProductDependency section */
		52C6B9332C836E5B0081CE63 /* Kingfisher */ = {
			isa = XCSwiftPackageProductDependency;
			package = 52C6B9322C836E5B0081CE63 /* XCRemoteSwiftPackageReference "Kingfisher" */;
			productName = Kingfisher;
		};
/* End XCSwiftPackageProductDependency section */
	};
	rootObject = 520405372C82ECD9009B56FE /* Project object */;
}
